github.com/ryanfowler/pagemark v0.0.0-20260721014549-f145292e0f54 h1:EpA43U0PLCCj6P9rjW0S2Y3+Y3BMN4yMmjnXnoiYhgI=
github.com/ryanfowler/pagemark v0.0.0-20260721014549-f145292e0f54/go.mod h1:nfqOJ6hx9DosskZM58Cb/F2FSdSY4rUWVNgkejxke9Y=
github.com/ryanfowler/readability v0.1.0 h1:9+bwDJzaiBFlSeoOx2daalno1xe3Xt9y6VI2Hgfm7oM=
github.com/ryanfowler/readability v0.1.0/go.mod h1:AGSyr10wBtXDJjXttWB0e5+gOvo0owxv02FJV0PyWqI=
golang.org/x/net v0.57.0 h1:K5+3DljvIuDG9/Jv9rvyMywYNFCQ9RSUY6OOTTkT+tE=
golang.org/x/net v0.57.0/go.mod h1:KpXc8iv+r3XplLAG/f7Jsf9RPszJzdR0f58q9vGOuEU=
golang.org/x/text v0.40.0 h1:Ub2Z6/xjgF1WrYQz2nuITOEegKFtiIy+rieRJ5lHZKs=
golang.org/x/text v0.40.0/go.mod h1:hpnzDAfGV753zIKo+wk3u1bVKCGPbrnF7+7LBF/UHVY=
